{
    "version": 3,
    "terraform_version": "0.11.3",
    "serial": 4,
    "lineage": "cdb7a1a7-063d-41a6-b912-4c72fc65f7bc",
    "modules": [
        {
            "path": [
                "root"
            ],
            "outputs": {},
            "resources": {
                "digitalocean_droplet.curso-devops.0": {
                    "type": "digitalocean_droplet",
                    "depends_on": [
                        "digitalocean_tag.curso-devops"
                    ],
                    "primary": {
                        "id": "86412651",
                        "attributes": {
                            "disk": "20",
                            "id": "86412651",
                            "image": "32629659",
                            "ipv4_address": "159.65.168.145",
                            "locked": "false",
                            "name": "devops-curso-v2",
                            "price_hourly": "0.00744",
                            "price_monthly": "5",
                            "region": "nyc3",
                            "resize_disk": "true",
                            "size": "512mb",
                            "ssh_keys.#": "1",
                            "ssh_keys.0": "19191407",
                            "status": "active",
                            "tags.#": "1",
                            "tags.0": "platzi-html",
                            "user_data": "#cloud-config\ncoreos:\n  units:\n    - name: \"platzi.service\"\n      command: \"start\"\n      content: |\n        [Unit]\n        Description=Platzi Demo\n        After=docker.service\n\n        [Service]\n        ExecStart=/usr/bin/docker run -d -p 3000:3000 devops-curso\n",
                            "vcpus": "1"
                        },
                        "meta": {},
                        "tainted": false
                    },
                    "deposed": [],
                    "provider": "provider.digitalocean"
                },
                "digitalocean_droplet.curso-devops.1": {
                    "type": "digitalocean_droplet",
                    "depends_on": [
                        "digitalocean_tag.curso-devops"
                    ],
                    "primary": {
                        "id": "86412652",
                        "attributes": {
                            "disk": "20",
                            "id": "86412652",
                            "image": "32629659",
                            "ipv4_address": "159.65.178.185",
                            "locked": "false",
                            "name": "devops-curso-v2",
                            "price_hourly": "0.00744",
                            "price_monthly": "5",
                            "region": "nyc3",
                            "resize_disk": "true",
                            "size": "512mb",
                            "ssh_keys.#": "1",
                            "ssh_keys.0": "19191407",
                            "status": "active",
                            "tags.#": "1",
                            "tags.0": "platzi-html",
                            "user_data": "#cloud-config\ncoreos:\n  units:\n    - name: \"platzi.service\"\n      command: \"start\"\n      content: |\n        [Unit]\n        Description=Platzi Demo\n        After=docker.service\n\n        [Service]\n        ExecStart=/usr/bin/docker run -d -p 3000:3000 devops-curso\n",
                            "vcpus": "1"
                        },
                        "meta": {},
                        "tainted": false
                    },
                    "deposed": [],
                    "provider": "provider.digitalocean"
                },
                "digitalocean_droplet.curso-devops.2": {
                    "type": "digitalocean_droplet",
                    "depends_on": [
                        "digitalocean_tag.curso-devops"
                    ],
                    "primary": {
                        "id": "86412649",
                        "attributes": {
                            "disk": "20",
                            "id": "86412649",
                            "image": "32629659",
                            "ipv4_address": "165.227.188.18",
                            "locked": "false",
                            "name": "devops-curso-v2",
                            "price_hourly": "0.00744",
                            "price_monthly": "5",
                            "region": "nyc3",
                            "resize_disk": "true",
                            "size": "512mb",
                            "ssh_keys.#": "1",
                            "ssh_keys.0": "19191407",
                            "status": "active",
                            "tags.#": "1",
                            "tags.0": "platzi-html",
                            "user_data": "#cloud-config\ncoreos:\n  units:\n    - name: \"platzi.service\"\n      command: \"start\"\n      content: |\n        [Unit]\n        Description=Platzi Demo\n        After=docker.service\n\n        [Service]\n        ExecStart=/usr/bin/docker run -d -p 3000:3000 devops-curso\n",
                            "vcpus": "1"
                        },
                        "meta": {},
                        "tainted": false
                    },
                    "deposed": [],
                    "provider": "provider.digitalocean"
                },
                "digitalocean_tag.curso-devops": {
                    "type": "digitalocean_tag",
                    "depends_on": [],
                    "primary": {
                        "id": "platzi-html",
                        "attributes": {
                            "id": "platzi-html",
                            "name": "platzi-html"
                        },
                        "meta": {},
                        "tainted": false
                    },
                    "deposed": [],
                    "provider": "provider.digitalocean"
                }
            },
            "depends_on": []
        }
    ]
}
